
Microsoft Visual Studio Solution File, Format Version 12.00
# Visual Studio 15
VisualStudioVersion = 15.0.28307.572
MinimumVisualStudioVersion = 10.0.40219.1
Project("{FAE04EC0-301F-11D3-BF4B-00C04F79EFBC}") = "Calc", "Calc.csproj", "{9B94049E-CDA1-45BF-B679-EB8F1887F993}"
EndProject
Project("{FAE04EC0-301F-11D3-BF4B-00C04F79EFBC}") = "Calc.Business", "..\Cacl.Business\Calc.Business.csproj", "{63FFBB66-67EB-45F5-9197-FF0943425235}"
EndProject
Global
	GlobalSection(SolutionConfigurationPlatforms) = preSolution
		Debug|Any CPU = Debug|Any CPU
		Release|Any CPU = Release|Any CPU
	EndGlobalSection
	GlobalSection(ProjectConfigurationPlatforms) = postSolution
		{9B94049E-CDA1-45BF-B679-EB8F1887F993}.Debug|Any CPU.ActiveCfg = Debug|Any CPU
		{9B94049E-CDA1-45BF-B679-EB8F1887F993}.Debug|Any CPU.Build.0 = Debug|Any CPU
		{9B94049E-CDA1-45BF-B679-EB8F1887F993}.Release|Any CPU.ActiveCfg = Release|Any CPU
		{9B94049E-CDA1-45BF-B679-EB8F1887F993}.Release|Any CPU.Build.0 = Release|Any CPU
		{63FFBB66-67EB-45F5-9197-FF0943425235}.Debug|Any CPU.ActiveCfg = Debug|Any CPU
		{63FFBB66-67EB-45F5-9197-FF0943425235}.Debug|Any CPU.Build.0 = Debug|Any CPU
		{63FFBB66-67EB-45F5-9197-FF0943425235}.Release|Any CPU.ActiveCfg = Release|Any CPU
		{63FFBB66-67EB-45F5-9197-FF0943425235}.Release|Any CPU.Build.0 = Release|Any CPU
	EndGlobalSection
	GlobalSection(SolutionProperties) = preSolution
		HideSolutionNode = FALSE
	EndGlobalSection
	GlobalSection(ExtensibilityGlobals) = postSolution
		SolutionGuid = {E124DE59-2BCE-4E5A-BDD0-207EBB8E08A7}
	EndGlobalSection
EndGlobal
